# @generated - this file is auto-generated by `mise lock` https://mise.jdx.dev/dev-tools/mise-lock.html

lockfile_version = 2

[[tools.aube]]
version = "2.2.16"
backend = "packslip:github.com/aubepkg/aube"
specifiers = ["latest"]

[tools.aube."platforms.linux-arm64"]
checksum = "sha256:a3b3a44ebff731672741c41d65b806dc8e138252f81e50240e3f8a359deb065d"
url = "https://github.com/aubepkg/aube/releases/download/v2.2.16/aube-v2.2.16-aarch64-unknown-linux-gnu.tar.gz"
signer = "sigstore-oidc:https://github.com/aubepkg/aube/.github/workflows/release-plz.yml"

[tools.aube."platforms.linux-arm64-musl"]
checksum = "sha256:2ee2ada278809c180bae121863093158b7dc1f6983aa96db6cee1ce1a49a4a0f"
url = "https://github.com/aubepkg/aube/releases/download/v2.2.16/aube-v2.2.16-aarch64-unknown-linux-musl.tar.gz"
signer = "sigstore-oidc:https://github.com/aubepkg/aube/.github/workflows/release-plz.yml"

[tools.aube."platforms.linux-x64"]
checksum = "sha256:f459e96c1eba2068ea921875748fe1777e78b919886f2a83058b8c5c50e139ef"
url = "https://github.com/aubepkg/aube/releases/download/v2.2.16/aube-v2.2.16-x86_64-unknown-linux-gnu.tar.gz"
signer = "sigstore-oidc:https://github.com/aubepkg/aube/.github/workflows/release-plz.yml"

[tools.aube."platforms.linux-x64-baseline"]
checksum = "sha256:f459e96c1eba2068ea921875748fe1777e78b919886f2a83058b8c5c50e139ef"
url = "https://github.com/aubepkg/aube/releases/download/v2.2.16/aube-v2.2.16-x86_64-unknown-linux-gnu.tar.gz"
signer = "sigstore-oidc:https://github.com/aubepkg/aube/.github/workflows/release-plz.yml"

[tools.aube."platforms.linux-x64-musl"]
checksum = "sha256:61097c72679196bae2a0ae19dd6cc9113e6a950ae7c84753b4b66526509d230d"
url = "https://github.com/aubepkg/aube/releases/download/v2.2.16/aube-v2.2.16-x86_64-unknown-linux-musl.tar.gz"
signer = "sigstore-oidc:https://github.com/aubepkg/aube/.github/workflows/release-plz.yml"

[tools.aube."platforms.linux-x64-musl-baseline"]
checksum = "sha256:61097c72679196bae2a0ae19dd6cc9113e6a950ae7c84753b4b66526509d230d"
url = "https://github.com/aubepkg/aube/releases/download/v2.2.16/aube-v2.2.16-x86_64-unknown-linux-musl.tar.gz"
signer = "sigstore-oidc:https://github.com/aubepkg/aube/.github/workflows/release-plz.yml"

[tools.aube."platforms.macos-arm64"]
checksum = "sha256:325b967ee1f554012e56db3b57473924352302468fc3dcbf37f0336efdc03597"
url = "https://github.com/aubepkg/aube/releases/download/v2.2.16/aube-v2.2.16-aarch64-apple-darwin.tar.gz"
signer = "sigstore-oidc:https://github.com/aubepkg/aube/.github/workflows/release-plz.yml"

[tools.aube."platforms.windows-x64"]
checksum = "sha256:e7fba256b8f966e1063099644f765ad23ce713a4fc938ce0c41dcf76378a55d1"
url = "https://github.com/aubepkg/aube/releases/download/v2.2.16/aube-v2.2.16-x86_64-pc-windows-msvc.zip"
signer = "sigstore-oidc:https://github.com/aubepkg/aube/.github/workflows/release-plz.yml"

[tools.aube."platforms.windows-x64-baseline"]
checksum = "sha256:e7fba256b8f966e1063099644f765ad23ce713a4fc938ce0c41dcf76378a55d1"
url = "https://github.com/aubepkg/aube/releases/download/v2.2.16/aube-v2.2.16-x86_64-pc-windows-msvc.zip"
signer = "sigstore-oidc:https://github.com/aubepkg/aube/.github/workflows/release-plz.yml"

[[tools.bun]]
version = "1.4.2"
backend = "core:bun"
specifiers = ["latest"]

[tools.bun."platforms.linux-arm64"]
checksum = "sha256:54328bbc2d9c8e0c9f892c544d66c57a83b84139e34909e5ee81758f1ac8fda7"
url = "https://github.com/oven-sh/bun/releases/download/bun-v1.4.2/bun-linux-aarch64.zip"

[tools.bun."platforms.linux-arm64-musl"]
checksum = "sha256:71760b6c8ea30623b81a4907cb815d48e2ea266f2e73e751534a44a0607950df"
url = "https://github.com/oven-sh/bun/releases/download/bun-v1.4.2/bun-linux-aarch64-musl.zip"

[tools.bun."platforms.linux-x64"]
checksum = "sha256:36368faef7527875d5ffa52e53cd48021741f2a83eb6208a8dd64068d422a913"
url = "https://github.com/oven-sh/bun/releases/download/bun-v1.4.2/bun-linux-x64.zip"

[tools.bun."platforms.linux-x64-baseline"]
checksum = "sha256:c678040f14fe0440eb839d37cbd0ce4c051a32da72806ac97de6a6aab6bf728f"
url = "https://github.com/oven-sh/bun/releases/download/bun-v1.4.2/bun-linux-x64-baseline.zip"

[tools.bun."platforms.linux-x64-musl"]
checksum = "sha256:4835eca59d6da70f4674f5642f6e459dcadab773695b2ed9922d131057989742"
url = "https://github.com/oven-sh/bun/releases/download/bun-v1.4.2/bun-linux-x64-musl.zip"

[tools.bun."platforms.linux-x64-musl-baseline"]
checksum = "sha256:76e1db84e98f22f78de0a87e309bfbbf297732847f9720db36750646c85c8c18"
url = "https://github.com/oven-sh/bun/releases/download/bun-v1.4.2/bun-linux-x64-musl-baseline.zip"

[tools.bun."platforms.macos-arm64"]
checksum = "sha256:90987a3a16d7db556d886ac3d551e7b6d3edf0a1cf43acaed622e8676be1d12f"
url = "https://github.com/oven-sh/bun/releases/download/bun-v1.4.2/bun-darwin-aarch64.zip"

[tools.bun."platforms.windows-x64"]
checksum = "sha256:ce4c17497b2f29712a99d3d53f028de28cd42e3bacb8589599e7f000e49b6405"
url = "https://github.com/oven-sh/bun/releases/download/bun-v1.4.2/bun-windows-x64.zip"

[tools.bun."platforms.windows-x64-baseline"]
checksum = "sha256:78c221c2376f79731ccf4e4af0b3bb46d81fefa3296c5abee09ad8a1b21e68c6"
url = "https://github.com/oven-sh/bun/releases/download/bun-v1.4.2/bun-windows-x64-baseline.zip"

[[tools."npm:@colbymchenry/codegraph"]]
version = "1.6.0"
aube = { path = ".mise/locks/npm-colbymchenry-codegraph/1.6.0", digest = "sha256:60aed54bfd7f0a340e1aa547a9b1921d6a9e3dc06a134f0de4e9f8cc83364bfe" }
backend = "npm:@colbymchenry/codegraph"
specifiers = ["latest"]

[[tools."npm:@sentry/dotagents"]]
version = "3.1.0"
aube = { path = ".mise/locks/npm-sentry-dotagents/3.1.0", digest = "sha256:389fd3877f0ec64a69e40c1a2a58485b8371c3c4296287a1d4638ac7cae0772e" }
backend = "npm:@sentry/dotagents"
specifiers = ["latest"]

[[tools.python]]
version = "3.14.7"
backend = "core:python"
specifiers = ["3.14"]

[tools.python."platforms.linux-arm64"]
checksum = "sha256:8a0798baa8a2c27b5751d590aced543eaa85e20b3f73d93c1af049688acdc9c5"
url = "https://github.com/astral-sh/python-build-standalone/releases/download/20260901/cpython-3.14.7+20260901-aarch64-unknown-linux-gnu-install_only_stripped.tar.gz"
provenance = "github-attestations"

[tools.python."platforms.linux-arm64-musl"]
checksum = "sha256:701c31d72187242302922a29f3bc6023ceb68b6b68fb8d4ed7568d1e6ef34548"
url = "https://github.com/astral-sh/python-build-standalone/releases/download/20260901/cpython-3.14.7+20260901-aarch64-unknown-linux-musl-install_only_stripped.tar.gz"
provenance = "github-attestations"

[tools.python."platforms.linux-x64"]
checksum = "sha256:3959f92825141e04adf44982d3a83ee57af0877e893b0796e04c1468749d9b04"
url = "https://github.com/astral-sh/python-build-standalone/releases/download/20260901/cpython-3.14.7+20260901-x86_64-unknown-linux-gnu-install_only_stripped.tar.gz"
provenance = "github-attestations"

[tools.python."platforms.linux-x64-baseline"]
checksum = "sha256:3959f92825141e04adf44982d3a83ee57af0877e893b0796e04c1468749d9b04"
url = "https://github.com/astral-sh/python-build-standalone/releases/download/20260901/cpython-3.14.7+20260901-x86_64-unknown-linux-gnu-install_only_stripped.tar.gz"
provenance = "github-attestations"

[tools.python."platforms.linux-x64-musl"]
checksum = "sha256:c773f8a7357c0d1a29e208a14bc16386731ca9c0d2e51f1b6741967fb0632cdc"
url = "https://github.com/astral-sh/python-build-standalone/releases/download/20260901/cpython-3.14.7+20260901-x86_64-unknown-linux-musl-install_only_stripped.tar.gz"
provenance = "github-attestations"

[tools.python."platforms.linux-x64-musl-baseline"]
checksum = "sha256:c773f8a7357c0d1a29e208a14bc16386731ca9c0d2e51f1b6741967fb0632cdc"
url = "https://github.com/astral-sh/python-build-standalone/releases/download/20260901/cpython-3.14.7+20260901-x86_64-unknown-linux-musl-install_only_stripped.tar.gz"
provenance = "github-attestations"

[tools.python."platforms.macos-arm64"]
checksum = "sha256:4632cb1a6edad9e73d3c81b6d2e69131637d995173e3e85005df14102b0592ba"
url = "https://github.com/astral-sh/python-build-standalone/releases/download/20260901/cpython-3.14.7+20260901-aarch64-apple-darwin-install_only_stripped.tar.gz"
provenance = "github-attestations"

[tools.python."platforms.windows-x64"]
checksum = "sha256:ca3c33ca924dfcab3b74205a7a58a88b0255135c53f95497b26b5e60700fd66d"
url = "https://github.com/astral-sh/python-build-standalone/releases/download/20260901/cpython-3.14.7+20260901-x86_64-pc-windows-msvc-install_only_stripped.tar.gz"
provenance = "github-attestations"

[tools.python."platforms.windows-x64-baseline"]
checksum = "sha256:ca3c33ca924dfcab3b74205a7a58a88b0255135c53f95497b26b5e60700fd66d"
url = "https://github.com/astral-sh/python-build-standalone/releases/download/20260901/cpython-3.14.7+20260901-x86_64-pc-windows-msvc-install_only_stripped.tar.gz"
provenance = "github-attestations"

[[tools.rust]]
version = "1.98.1"
backend = "core:rust"
specifiers = ["latest"]

[tools.rust.options]
components = "rust-analyzer,rust-src"
