# @generated - this file is auto-generated by `mise lock` https://mise.en.dev/dev-tools/mise-lock.html

[[tools.aube]]
version = "1.26.0"
backend = "aqua:jdx/aube"

[tools.aube."platforms.linux-arm64"]
checksum = "sha256:e1f730c01b5130835d3b4d6c293821de78ade6f857869963bd2df82cb9ce67e8"
url = "https://github.com/jdx/aube/releases/download/v1.26.0/aube-v1.26.0-aarch64-unknown-linux-gnu.tar.gz"
url_api = "https://api.github.com/repos/jdx/aube/releases/assets/468523290"
provenance = "github-attestations"

[tools.aube."platforms.linux-arm64-musl"]
checksum = "sha256:4611bc48714d03a86523a21575cea7d58a9f43ff44b2b372470bb3d0f13ff9b7"
url = "https://github.com/jdx/aube/releases/download/v1.26.0/aube-v1.26.0-aarch64-unknown-linux-musl.tar.gz"
url_api = "https://api.github.com/repos/jdx/aube/releases/assets/468497318"
provenance = "github-attestations"

[tools.aube."platforms.linux-x64"]
checksum = "sha256:17ea729b11825366600a2072d81160bd09c027b3a37c13e2e97aa7295625aa07"
url = "https://github.com/jdx/aube/releases/download/v1.26.0/aube-v1.26.0-x86_64-unknown-linux-gnu.tar.gz"
url_api = "https://api.github.com/repos/jdx/aube/releases/assets/468503747"
provenance = "github-attestations"

[tools.aube."platforms.linux-x64-baseline"]
checksum = "sha256:17ea729b11825366600a2072d81160bd09c027b3a37c13e2e97aa7295625aa07"
url = "https://github.com/jdx/aube/releases/download/v1.26.0/aube-v1.26.0-x86_64-unknown-linux-gnu.tar.gz"
url_api = "https://api.github.com/repos/jdx/aube/releases/assets/468503747"
provenance = "github-attestations"

[tools.aube."platforms.linux-x64-musl"]
checksum = "sha256:3a6c90676f0003079eaade3a4027c3349612e7587f7ecf699c864395ff26807c"
url = "https://github.com/jdx/aube/releases/download/v1.26.0/aube-v1.26.0-x86_64-unknown-linux-musl.tar.gz"
url_api = "https://api.github.com/repos/jdx/aube/releases/assets/468505615"
provenance = "github-attestations"

[tools.aube."platforms.linux-x64-musl-baseline"]
checksum = "sha256:3a6c90676f0003079eaade3a4027c3349612e7587f7ecf699c864395ff26807c"
url = "https://github.com/jdx/aube/releases/download/v1.26.0/aube-v1.26.0-x86_64-unknown-linux-musl.tar.gz"
url_api = "https://api.github.com/repos/jdx/aube/releases/assets/468505615"
provenance = "github-attestations"

[tools.aube."platforms.macos-arm64"]
checksum = "sha256:f1e9cca3b4837cb497b0588641781ecd426b5a4c26cd610743a8fad756e02d8f"
url = "https://github.com/jdx/aube/releases/download/v1.26.0/aube-v1.26.0-aarch64-apple-darwin.tar.gz"
url_api = "https://api.github.com/repos/jdx/aube/releases/assets/468538559"
provenance = "github-attestations"

[tools.aube."platforms.windows-x64"]
checksum = "sha256:1b594095c26c31e90b5e89ef78cf56ac9b903db83f1ca214db6732d9df09409a"
url = "https://github.com/jdx/aube/releases/download/v1.26.0/aube-v1.26.0-x86_64-pc-windows-msvc.zip"
url_api = "https://api.github.com/repos/jdx/aube/releases/assets/468508857"
provenance = "github-attestations"

[tools.aube."platforms.windows-x64-baseline"]
checksum = "sha256:1b594095c26c31e90b5e89ef78cf56ac9b903db83f1ca214db6732d9df09409a"
url = "https://github.com/jdx/aube/releases/download/v1.26.0/aube-v1.26.0-x86_64-pc-windows-msvc.zip"
url_api = "https://api.github.com/repos/jdx/aube/releases/assets/468508857"
provenance = "github-attestations"

[[tools.bun]]
version = "1.3.14"
backend = "core:bun"

[tools.bun."platforms.linux-arm64"]
checksum = "sha256:a27ffb63a8310375836e0d6f668ae17fa8d8d18b88c37c821c65331973a19a3b"
url = "https://github.com/oven-sh/bun/releases/download/bun-v1.3.14/bun-linux-aarch64.zip"

[tools.bun."platforms.linux-arm64-musl"]
checksum = "sha256:b98e0ad3625c5c00d1d5b5ff55605c7adddbfae151861e68ade57b2d3b8703bb"
url = "https://github.com/oven-sh/bun/releases/download/bun-v1.3.14/bun-linux-aarch64-musl.zip"

[tools.bun."platforms.linux-x64"]
checksum = "sha256:951ee2aee855f08595aeec6225226a298d3fea83a3dcd6465c09cbccdf7e848f"
url = "https://github.com/oven-sh/bun/releases/download/bun-v1.3.14/bun-linux-x64.zip"

[tools.bun."platforms.linux-x64-baseline"]
checksum = "sha256:a063908ae08b7852ca10939bbdc6ceed3ddabce8fb9402dce83d65d73b36e6c7"
url = "https://github.com/oven-sh/bun/releases/download/bun-v1.3.14/bun-linux-x64-baseline.zip"

[tools.bun."platforms.linux-x64-musl"]
checksum = "sha256:14bd9aedeebf1dba67e8def9531c89bc989ecfdf1de42e5bfcaf1b8cd9294719"
url = "https://github.com/oven-sh/bun/releases/download/bun-v1.3.14/bun-linux-x64-musl.zip"

[tools.bun."platforms.linux-x64-musl-baseline"]
checksum = "sha256:56a7d6806cf155536c0178f0ea5fbd098e684fa509ebdb4fc0a7e19fb65382dc"
url = "https://github.com/oven-sh/bun/releases/download/bun-v1.3.14/bun-linux-x64-musl-baseline.zip"

[tools.bun."platforms.macos-arm64"]
checksum = "sha256:d8b96221828ad6f97ac7ac0ab7e95872341af763001e8803e8267652c2652620"
url = "https://github.com/oven-sh/bun/releases/download/bun-v1.3.14/bun-darwin-aarch64.zip"

[tools.bun."platforms.macos-x64"]
checksum = "sha256:4183df3374623e5bab315c547cfa0974533cd457d86b73b639f7a87974cd6633"
url = "https://github.com/oven-sh/bun/releases/download/bun-v1.3.14/bun-darwin-x64.zip"

[tools.bun."platforms.macos-x64-baseline"]
checksum = "sha256:3e35ad6f53971a9834bf9e6786e2adf72b5f1921cc9a9c5fde073d2972944076"
url = "https://github.com/oven-sh/bun/releases/download/bun-v1.3.14/bun-darwin-x64-baseline.zip"

[tools.bun."platforms.windows-x64"]
checksum = "sha256:0a0620930b6675d7ba440e81f4e0e00d3cfbe096c4b140d3fff02205e9e18922"
url = "https://github.com/oven-sh/bun/releases/download/bun-v1.3.14/bun-windows-x64.zip"

[tools.bun."platforms.windows-x64-baseline"]
checksum = "sha256:538f9c846355d9e847b2671bc00c47da4229a0befb24df3282b739770f3b475f"
url = "https://github.com/oven-sh/bun/releases/download/bun-v1.3.14/bun-windows-x64-baseline.zip"

[[tools."cargo:git-trim"]]
version = "0.4.4"
backend = "cargo:git-trim"

[[tools."cargo:kdotool"]]
version = "0.2.3"
backend = "cargo:kdotool"

[[tools.go]]
version = "1.26.5"
backend = "core:go"

[tools.go."platforms.linux-arm64"]
checksum = "sha256:fe4789e92b1f33358680864bbe8704289e7bb5fc207d80623c308935bd696d49"
url = "https://dl.google.com/go/go1.26.5.linux-arm64.tar.gz"

[tools.go."platforms.linux-arm64-musl"]
checksum = "sha256:fe4789e92b1f33358680864bbe8704289e7bb5fc207d80623c308935bd696d49"
url = "https://dl.google.com/go/go1.26.5.linux-arm64.tar.gz"

[tools.go."platforms.linux-x64"]
checksum = "sha256:5c2c3b16caefa1d968a94c1daca04a7ca301a496d9b086e17ad77bb81393f053"
url = "https://dl.google.com/go/go1.26.5.linux-amd64.tar.gz"

[tools.go."platforms.linux-x64-baseline"]
checksum = "sha256:5c2c3b16caefa1d968a94c1daca04a7ca301a496d9b086e17ad77bb81393f053"
url = "https://dl.google.com/go/go1.26.5.linux-amd64.tar.gz"

[tools.go."platforms.linux-x64-musl"]
checksum = "sha256:5c2c3b16caefa1d968a94c1daca04a7ca301a496d9b086e17ad77bb81393f053"
url = "https://dl.google.com/go/go1.26.5.linux-amd64.tar.gz"

[tools.go."platforms.linux-x64-musl-baseline"]
checksum = "sha256:5c2c3b16caefa1d968a94c1daca04a7ca301a496d9b086e17ad77bb81393f053"
url = "https://dl.google.com/go/go1.26.5.linux-amd64.tar.gz"

[tools.go."platforms.macos-arm64"]
checksum = "sha256:efb87ff28af9a188d0536ef5d42e63dd52ba8263cd7344a993cc48dd11dedb6a"
url = "https://dl.google.com/go/go1.26.5.darwin-arm64.tar.gz"

[tools.go."platforms.macos-x64"]
checksum = "sha256:6231d8d3b8f5552ec6cbf6d685bdd5482e1e703214b120e89b3bf0d7bf1ef725"
url = "https://dl.google.com/go/go1.26.5.darwin-amd64.tar.gz"

[tools.go."platforms.macos-x64-baseline"]
checksum = "sha256:6231d8d3b8f5552ec6cbf6d685bdd5482e1e703214b120e89b3bf0d7bf1ef725"
url = "https://dl.google.com/go/go1.26.5.darwin-amd64.tar.gz"

[tools.go."platforms.windows-x64"]
checksum = "sha256:97e6b2a833b6d89f9ff17d25419ac0a7e3b482a044e9ab18cdef834bd834fd38"
url = "https://dl.google.com/go/go1.26.5.windows-amd64.zip"

[tools.go."platforms.windows-x64-baseline"]
checksum = "sha256:97e6b2a833b6d89f9ff17d25419ac0a7e3b482a044e9ab18cdef834bd834fd38"
url = "https://dl.google.com/go/go1.26.5.windows-amd64.zip"

[[tools.node]]
version = "26.5.0"
backend = "core:node"

[tools.node."platforms.linux-arm64"]
checksum = "sha256:308e5fe89a82461ba5a6cf15ff5221b2cdbd7ae87600aa72bb3c3fbdc66412d1"
url = "https://nodejs.org/dist/v26.5.0/node-v26.5.0-linux-arm64.tar.gz"

[tools.node."platforms.linux-arm64-musl"]
checksum = "sha256:1ab31aef6561191693f366cacd75bbcefa0301e49a18bc05554c21893bbdb490"
url = "https://unofficial-builds.nodejs.org/download/release/v26.5.0/node-v26.5.0-linux-arm64-musl.tar.gz"

[tools.node."platforms.linux-x64"]
checksum = "sha256:22b5f47ad6ae78837e4c2b846019965ce1a06ba143de176102294a1bf44fc677"
url = "https://nodejs.org/dist/v26.5.0/node-v26.5.0-linux-x64.tar.gz"

[tools.node."platforms.linux-x64-baseline"]
checksum = "sha256:22b5f47ad6ae78837e4c2b846019965ce1a06ba143de176102294a1bf44fc677"
url = "https://nodejs.org/dist/v26.5.0/node-v26.5.0-linux-x64.tar.gz"

[tools.node."platforms.linux-x64-musl"]
checksum = "sha256:00f1398411a4216c5a6ecaad3b825a0da5ec00e79ee8c173ab65a094d97b9ad8"
url = "https://unofficial-builds.nodejs.org/download/release/v26.5.0/node-v26.5.0-linux-x64-musl.tar.gz"

[tools.node."platforms.linux-x64-musl-baseline"]
checksum = "sha256:00f1398411a4216c5a6ecaad3b825a0da5ec00e79ee8c173ab65a094d97b9ad8"
url = "https://unofficial-builds.nodejs.org/download/release/v26.5.0/node-v26.5.0-linux-x64-musl.tar.gz"

[tools.node."platforms.macos-arm64"]
checksum = "sha256:ee920559aaa2391569cff4d737e3b83963430e3a14dedd91bfe0ff53171b5af9"
url = "https://nodejs.org/dist/v26.5.0/node-v26.5.0-darwin-arm64.tar.gz"

[tools.node."platforms.macos-x64"]
checksum = "sha256:98293394c945a24e64e00b4177bf075ec963ea70b34d1d2e24bd4a71716d334f"
url = "https://nodejs.org/dist/v26.5.0/node-v26.5.0-darwin-x64.tar.gz"

[tools.node."platforms.macos-x64-baseline"]
checksum = "sha256:98293394c945a24e64e00b4177bf075ec963ea70b34d1d2e24bd4a71716d334f"
url = "https://nodejs.org/dist/v26.5.0/node-v26.5.0-darwin-x64.tar.gz"

[tools.node."platforms.windows-x64"]
checksum = "sha256:d3b2277dbcccfdf24ef6302928f64f484cff1d77a6d3caa3a28f4d20ce9158f6"
url = "https://nodejs.org/dist/v26.5.0/node-v26.5.0-win-x64.zip"

[tools.node."platforms.windows-x64-baseline"]
checksum = "sha256:d3b2277dbcccfdf24ef6302928f64f484cff1d77a6d3caa3a28f4d20ce9158f6"
url = "https://nodejs.org/dist/v26.5.0/node-v26.5.0-win-x64.zip"

[[tools."npm:@biomejs/biome"]]
version = "2.5.3"
backend = "npm:@biomejs/biome"

[[tools."npm:@electron/asar"]]
version = "4.2.0"
backend = "npm:@electron/asar"

[[tools."npm:@moonshot-ai/kimi-code"]]
version = "0.23.6"
backend = "npm:@moonshot-ai/kimi-code"

[tools."npm:@moonshot-ai/kimi-code".options]
allow_builds = '["@moonshot-ai/kimi-code", "node-pty"]'

[[tools."npm:@playwright/cli"]]
version = "0.1.17"
backend = "npm:@playwright/cli"

[[tools."npm:@sentry/dotagents"]]
version = "1.17.0"
backend = "npm:@sentry/dotagents"

[[tools."npm:@z_ai/mcp-server"]]
version = "0.1.4"
backend = "npm:@z_ai/mcp-server"

[[tools."npm:bash-language-server"]]
version = "5.6.0"
backend = "npm:bash-language-server"

[[tools."npm:cypress"]]
version = "15.18.1"
backend = "npm:cypress"

[tools."npm:cypress".options]
allow_builds = '["cypress"]'

[[tools."npm:node-gyp"]]
version = "13.0.1"
backend = "npm:node-gyp"

[[tools."npm:npm"]]
version = "12.0.1"
backend = "npm:npm"

[[tools."npm:portless"]]
version = "0.15.1"
backend = "npm:portless"

[[tools."npm:shadcn"]]
version = "4.13.0"
backend = "npm:shadcn"

[[tools."npm:sharp-cli"]]
version = "5.2.0"
backend = "npm:sharp-cli"

[[tools."npm:tokscale"]]
version = "4.5.2"
backend = "npm:tokscale"

[[tools."npm:typescript-language-server"]]
version = "5.3.0"
backend = "npm:typescript-language-server"

[[tools."npm:vscode-langservers-extracted"]]
version = "4.10.0"
backend = "npm:vscode-langservers-extracted"

[[tools."npm:wrangler"]]
version = "4.110.0"
backend = "npm:wrangler"

[[tools."npm:yaml-language-server"]]
version = "1.24.0"
backend = "npm:yaml-language-server"

[[tools.pipx]]
version = "1.15.0"
backend = "aqua:pypa/pipx"

[tools.pipx."platforms.linux-arm64"]
checksum = "sha256:6b6e1b016bf7df9debee590ca32204a85ff18a87514e6a3b4413d8ad7ff73ed3"
url = "https://github.com/pypa/pipx/releases/download/1.15.0/pipx.pyz"
url_api = "https://api.github.com/repos/pypa/pipx/releases/assets/457122996"

[tools.pipx."platforms.linux-arm64-musl"]
checksum = "sha256:6b6e1b016bf7df9debee590ca32204a85ff18a87514e6a3b4413d8ad7ff73ed3"
url = "https://github.com/pypa/pipx/releases/download/1.15.0/pipx.pyz"
url_api = "https://api.github.com/repos/pypa/pipx/releases/assets/457122996"

[tools.pipx."platforms.linux-x64"]
checksum = "sha256:6b6e1b016bf7df9debee590ca32204a85ff18a87514e6a3b4413d8ad7ff73ed3"
url = "https://github.com/pypa/pipx/releases/download/1.15.0/pipx.pyz"
url_api = "https://api.github.com/repos/pypa/pipx/releases/assets/457122996"

[tools.pipx."platforms.linux-x64-baseline"]
checksum = "sha256:6b6e1b016bf7df9debee590ca32204a85ff18a87514e6a3b4413d8ad7ff73ed3"
url = "https://github.com/pypa/pipx/releases/download/1.15.0/pipx.pyz"
url_api = "https://api.github.com/repos/pypa/pipx/releases/assets/457122996"

[tools.pipx."platforms.linux-x64-musl"]
checksum = "sha256:6b6e1b016bf7df9debee590ca32204a85ff18a87514e6a3b4413d8ad7ff73ed3"
url = "https://github.com/pypa/pipx/releases/download/1.15.0/pipx.pyz"
url_api = "https://api.github.com/repos/pypa/pipx/releases/assets/457122996"

[tools.pipx."platforms.linux-x64-musl-baseline"]
checksum = "sha256:6b6e1b016bf7df9debee590ca32204a85ff18a87514e6a3b4413d8ad7ff73ed3"
url = "https://github.com/pypa/pipx/releases/download/1.15.0/pipx.pyz"
url_api = "https://api.github.com/repos/pypa/pipx/releases/assets/457122996"

[tools.pipx."platforms.macos-arm64"]
checksum = "sha256:6b6e1b016bf7df9debee590ca32204a85ff18a87514e6a3b4413d8ad7ff73ed3"
url = "https://github.com/pypa/pipx/releases/download/1.15.0/pipx.pyz"
url_api = "https://api.github.com/repos/pypa/pipx/releases/assets/457122996"

[tools.pipx."platforms.macos-x64"]
checksum = "sha256:6b6e1b016bf7df9debee590ca32204a85ff18a87514e6a3b4413d8ad7ff73ed3"
url = "https://github.com/pypa/pipx/releases/download/1.15.0/pipx.pyz"
url_api = "https://api.github.com/repos/pypa/pipx/releases/assets/457122996"

[tools.pipx."platforms.macos-x64-baseline"]
checksum = "sha256:6b6e1b016bf7df9debee590ca32204a85ff18a87514e6a3b4413d8ad7ff73ed3"
url = "https://github.com/pypa/pipx/releases/download/1.15.0/pipx.pyz"
url_api = "https://api.github.com/repos/pypa/pipx/releases/assets/457122996"

[[tools."pipx:mmdc"]]
version = "0.7.0"
backend = "pipx:mmdc"

[[tools.python]]
version = "3.14.6"
backend = "core:python"

[tools.python."platforms.linux-arm64"]
checksum = "sha256:f177d40ca931df03f660fc006f86ad8cd2ac6e7d6b5d54edbc625103464fc4aa"
url = "https://github.com/astral-sh/python-build-standalone/releases/download/20260623/cpython-3.14.6+20260623-aarch64-unknown-linux-gnu-install_only_stripped.tar.gz"
provenance = "github-attestations"

[tools.python."platforms.linux-arm64-musl"]
checksum = "sha256:11d463be3e2d34ea67722acfd8f3f2d6d6e5b6b4d4ab27240f220628134a0141"
url = "https://github.com/astral-sh/python-build-standalone/releases/download/20260623/cpython-3.14.6+20260623-aarch64-unknown-linux-musl-install_only_stripped.tar.gz"
provenance = "github-attestations"

[tools.python."platforms.linux-x64"]
checksum = "sha256:c172314f4a8ec137a8f605289010c3d19c8b56867d968f0095074cc68efa1d29"
url = "https://github.com/astral-sh/python-build-standalone/releases/download/20260623/cpython-3.14.6+20260623-x86_64-unknown-linux-gnu-install_only_stripped.tar.gz"
provenance = "github-attestations"

[tools.python."platforms.linux-x64-baseline"]
checksum = "sha256:c172314f4a8ec137a8f605289010c3d19c8b56867d968f0095074cc68efa1d29"
url = "https://github.com/astral-sh/python-build-standalone/releases/download/20260623/cpython-3.14.6+20260623-x86_64-unknown-linux-gnu-install_only_stripped.tar.gz"
provenance = "github-attestations"

[tools.python."platforms.linux-x64-musl"]
checksum = "sha256:f25064ecb3b07cfe2440b178e72001cf1e0d69a5e53625ca3a32b7ae4e2fdcc6"
url = "https://github.com/astral-sh/python-build-standalone/releases/download/20260623/cpython-3.14.6+20260623-x86_64-unknown-linux-musl-install_only_stripped.tar.gz"
provenance = "github-attestations"

[tools.python."platforms.linux-x64-musl-baseline"]
checksum = "sha256:f25064ecb3b07cfe2440b178e72001cf1e0d69a5e53625ca3a32b7ae4e2fdcc6"
url = "https://github.com/astral-sh/python-build-standalone/releases/download/20260623/cpython-3.14.6+20260623-x86_64-unknown-linux-musl-install_only_stripped.tar.gz"
provenance = "github-attestations"

[tools.python."platforms.macos-arm64"]
checksum = "sha256:35d774f61d63c1fd4f1bc9495a7ada92e500dc4382a0df8a9910eb87ea48e8cf"
url = "https://github.com/astral-sh/python-build-standalone/releases/download/20260623/cpython-3.14.6+20260623-aarch64-apple-darwin-install_only_stripped.tar.gz"
provenance = "github-attestations"

[tools.python."platforms.macos-x64"]
checksum = "sha256:12fb3ea3d6a855fe6ca1c2241702b06cb7e5939fbef09a5f54bf326e480f66af"
url = "https://github.com/astral-sh/python-build-standalone/releases/download/20260623/cpython-3.14.6+20260623-x86_64-apple-darwin-install_only_stripped.tar.gz"
provenance = "github-attestations"

[tools.python."platforms.macos-x64-baseline"]
checksum = "sha256:12fb3ea3d6a855fe6ca1c2241702b06cb7e5939fbef09a5f54bf326e480f66af"
url = "https://github.com/astral-sh/python-build-standalone/releases/download/20260623/cpython-3.14.6+20260623-x86_64-apple-darwin-install_only_stripped.tar.gz"
provenance = "github-attestations"

[tools.python."platforms.windows-x64"]
checksum = "sha256:ec05b628ad749682d06d225780fbc02e7bbb5ce2146c9bd8e74a3659b14b693a"
url = "https://github.com/astral-sh/python-build-standalone/releases/download/20260623/cpython-3.14.6+20260623-x86_64-pc-windows-msvc-install_only_stripped.tar.gz"
provenance = "github-attestations"

[tools.python."platforms.windows-x64-baseline"]
checksum = "sha256:ec05b628ad749682d06d225780fbc02e7bbb5ce2146c9bd8e74a3659b14b693a"
url = "https://github.com/astral-sh/python-build-standalone/releases/download/20260623/cpython-3.14.6+20260623-x86_64-pc-windows-msvc-install_only_stripped.tar.gz"
provenance = "github-attestations"

[[tools.ruby]]
version = "3.4.10"
backend = "core:ruby"

[tools.ruby.options]
compile = "false"
precompiled_url = "jdx/ruby"
ruby_build_repo = "https://github.com/rbenv/ruby-build.git"
ruby_install = "false"

[tools.ruby."platforms.linux-arm64"]
checksum = "sha256:90bf9ae37b34b7909dcbcff2758c61c9963bf5f31f4e7d2c95c65ab5896f8b99"
url = "https://github.com/jdx/ruby/releases/download/3.4.10-1/ruby-3.4.10.arm64_linux.tar.gz"
provenance = "github-attestations"

[tools.ruby."platforms.linux-arm64-musl"]
checksum = "sha256:90bf9ae37b34b7909dcbcff2758c61c9963bf5f31f4e7d2c95c65ab5896f8b99"
url = "https://github.com/jdx/ruby/releases/download/3.4.10-1/ruby-3.4.10.arm64_linux.tar.gz"
provenance = "github-attestations"

[tools.ruby."platforms.linux-x64"]
checksum = "sha256:29249c11bab89270c431482fca8e68b8e6825216f24f0a6d87aa910d53d51893"
url = "https://github.com/jdx/ruby/releases/download/3.4.10-1/ruby-3.4.10.x86_64_linux.tar.gz"
provenance = "github-attestations"

[tools.ruby."platforms.linux-x64-baseline"]
checksum = "sha256:29249c11bab89270c431482fca8e68b8e6825216f24f0a6d87aa910d53d51893"
url = "https://github.com/jdx/ruby/releases/download/3.4.10-1/ruby-3.4.10.x86_64_linux.tar.gz"
provenance = "github-attestations"

[tools.ruby."platforms.linux-x64-musl"]
checksum = "sha256:29249c11bab89270c431482fca8e68b8e6825216f24f0a6d87aa910d53d51893"
url = "https://github.com/jdx/ruby/releases/download/3.4.10-1/ruby-3.4.10.x86_64_linux.tar.gz"
provenance = "github-attestations"

[tools.ruby."platforms.linux-x64-musl-baseline"]
checksum = "sha256:29249c11bab89270c431482fca8e68b8e6825216f24f0a6d87aa910d53d51893"
url = "https://github.com/jdx/ruby/releases/download/3.4.10-1/ruby-3.4.10.x86_64_linux.tar.gz"
provenance = "github-attestations"

[tools.ruby."platforms.macos-arm64"]
checksum = "sha256:deee20cc0e9ffcac784f3cde949d89af06a5268c2d8d218686bc6ccd79786fcb"
url = "https://github.com/jdx/ruby/releases/download/3.4.10-1/ruby-3.4.10.macos.tar.gz"
provenance = "github-attestations"

[tools.ruby."platforms.macos-x64"]
checksum = "sha256:ecee2d072a14f2d14347dd56dfd8fe5c3130abf5117bfaacbda0f4ef9cc429ec"
url = "https://cache.ruby-lang.org/pub/ruby/3.4/ruby-3.4.10.tar.gz"

[tools.ruby."platforms.macos-x64-baseline"]
checksum = "sha256:ecee2d072a14f2d14347dd56dfd8fe5c3130abf5117bfaacbda0f4ef9cc429ec"
url = "https://cache.ruby-lang.org/pub/ruby/3.4/ruby-3.4.10.tar.gz"

[tools.ruby."platforms.windows-x64"]
checksum = "sha256:89e3c5e235ac88b9b7e8daaf639eaaab74d7c470667354f6bf0f7432f3191ebb"
url = "https://github.com/oneclick/rubyinstaller2/releases/download/RubyInstaller-3.4.10-1/rubyinstaller-3.4.10-1-x64.7z"

[tools.ruby."platforms.windows-x64-baseline"]
checksum = "sha256:89e3c5e235ac88b9b7e8daaf639eaaab74d7c470667354f6bf0f7432f3191ebb"
url = "https://github.com/oneclick/rubyinstaller2/releases/download/RubyInstaller-3.4.10-1/rubyinstaller-3.4.10-1-x64.7z"

[[tools.ruby]]
version = "4.0.5"
backend = "core:ruby"

[tools.ruby.options]
compile = "false"
precompiled_url = "jdx/ruby"
ruby_build_repo = "https://github.com/rbenv/ruby-build.git"
ruby_install = "false"

[tools.ruby."platforms.linux-arm64"]
checksum = "sha256:142cc75048232c19fedca2748f4882f5d40443eb3d3532dc65efab44e6107553"
url = "https://github.com/jdx/ruby/releases/download/4.0.5-2/ruby-4.0.5.arm64_linux.tar.gz"
provenance = "github-attestations"

[tools.ruby."platforms.linux-arm64-musl"]
checksum = "sha256:142cc75048232c19fedca2748f4882f5d40443eb3d3532dc65efab44e6107553"
url = "https://github.com/jdx/ruby/releases/download/4.0.5-2/ruby-4.0.5.arm64_linux.tar.gz"
provenance = "github-attestations"

[tools.ruby."platforms.linux-x64"]
checksum = "sha256:15a8cb9e40784fe3d2309e1bf30a8cb92932ec83513e93dc90d8b507608344a0"
url = "https://github.com/jdx/ruby/releases/download/4.0.5-2/ruby-4.0.5.x86_64_linux.tar.gz"
provenance = "github-attestations"

[tools.ruby."platforms.linux-x64-baseline"]
checksum = "sha256:15a8cb9e40784fe3d2309e1bf30a8cb92932ec83513e93dc90d8b507608344a0"
url = "https://github.com/jdx/ruby/releases/download/4.0.5-2/ruby-4.0.5.x86_64_linux.tar.gz"
provenance = "github-attestations"

[tools.ruby."platforms.linux-x64-musl"]
checksum = "sha256:15a8cb9e40784fe3d2309e1bf30a8cb92932ec83513e93dc90d8b507608344a0"
url = "https://github.com/jdx/ruby/releases/download/4.0.5-2/ruby-4.0.5.x86_64_linux.tar.gz"
provenance = "github-attestations"

[tools.ruby."platforms.linux-x64-musl-baseline"]
checksum = "sha256:15a8cb9e40784fe3d2309e1bf30a8cb92932ec83513e93dc90d8b507608344a0"
url = "https://github.com/jdx/ruby/releases/download/4.0.5-2/ruby-4.0.5.x86_64_linux.tar.gz"
provenance = "github-attestations"

[tools.ruby."platforms.macos-arm64"]
checksum = "sha256:2ceac7dbfb7ce73e7efbf0198fb859c23144169af9bd417b3996c6176e60ae80"
url = "https://github.com/jdx/ruby/releases/download/4.0.5-2/ruby-4.0.5.macos.tar.gz"
provenance = "github-attestations"

[tools.ruby."platforms.macos-x64"]
checksum = "sha256:7d6149079a63f8ae1d326c9fa65c6019ba2dc3155eae7b39159817911c88958e"
url = "https://cache.ruby-lang.org/pub/ruby/4.0/ruby-4.0.5.tar.gz"

[tools.ruby."platforms.macos-x64-baseline"]
checksum = "sha256:7d6149079a63f8ae1d326c9fa65c6019ba2dc3155eae7b39159817911c88958e"
url = "https://cache.ruby-lang.org/pub/ruby/4.0/ruby-4.0.5.tar.gz"

[tools.ruby."platforms.windows-x64"]
checksum = "sha256:74e31613fc71e6e23431dfc4d8b6ec2818a4dc1fd16e0983b074144c16719c8b"
url = "https://github.com/oneclick/rubyinstaller2/releases/download/RubyInstaller-4.0.5-1/rubyinstaller-4.0.5-1-x64.7z"

[tools.ruby."platforms.windows-x64-baseline"]
checksum = "sha256:74e31613fc71e6e23431dfc4d8b6ec2818a4dc1fd16e0983b074144c16719c8b"
url = "https://github.com/oneclick/rubyinstaller2/releases/download/RubyInstaller-4.0.5-1/rubyinstaller-4.0.5-1-x64.7z"

[[tools.rust]]
version = "1.97.0"
backend = "core:rust"

[tools.rust.options]
components = "rust-analyzer,rust-src"

[[tools.usage]]
version = "3.5.4"
backend = "aqua:jdx/usage"

[tools.usage."platforms.linux-arm64"]
checksum = "sha256:6f826638194da61fc5f631a9ed25930ddc3746e8f9de97f218b36a3a899c196c"
url = "https://github.com/jdx/usage/releases/download/v3.5.4/usage-aarch64-unknown-linux-musl.tar.gz"
url_api = "https://api.github.com/repos/jdx/usage/releases/assets/468428362"

[tools.usage."platforms.linux-arm64-musl"]
checksum = "sha256:6f826638194da61fc5f631a9ed25930ddc3746e8f9de97f218b36a3a899c196c"
url = "https://github.com/jdx/usage/releases/download/v3.5.4/usage-aarch64-unknown-linux-musl.tar.gz"
url_api = "https://api.github.com/repos/jdx/usage/releases/assets/468428362"

[tools.usage."platforms.linux-x64"]
checksum = "sha256:642e6eb31e58db1f3cda206d0484685950a224825f5ed22eb9cc9a6d6ddbbb46"
url = "https://github.com/jdx/usage/releases/download/v3.5.4/usage-x86_64-unknown-linux-musl.tar.gz"
url_api = "https://api.github.com/repos/jdx/usage/releases/assets/468428453"

[tools.usage."platforms.linux-x64-baseline"]
checksum = "sha256:642e6eb31e58db1f3cda206d0484685950a224825f5ed22eb9cc9a6d6ddbbb46"
url = "https://github.com/jdx/usage/releases/download/v3.5.4/usage-x86_64-unknown-linux-musl.tar.gz"
url_api = "https://api.github.com/repos/jdx/usage/releases/assets/468428453"

[tools.usage."platforms.linux-x64-musl"]
checksum = "sha256:642e6eb31e58db1f3cda206d0484685950a224825f5ed22eb9cc9a6d6ddbbb46"
url = "https://github.com/jdx/usage/releases/download/v3.5.4/usage-x86_64-unknown-linux-musl.tar.gz"
url_api = "https://api.github.com/repos/jdx/usage/releases/assets/468428453"

[tools.usage."platforms.linux-x64-musl-baseline"]
checksum = "sha256:642e6eb31e58db1f3cda206d0484685950a224825f5ed22eb9cc9a6d6ddbbb46"
url = "https://github.com/jdx/usage/releases/download/v3.5.4/usage-x86_64-unknown-linux-musl.tar.gz"
url_api = "https://api.github.com/repos/jdx/usage/releases/assets/468428453"

[tools.usage."platforms.macos-arm64"]
checksum = "sha256:25b0fff15f030f3c08caa960174b3fb9f85be601824744424a7409dcdf1ee37a"
url = "https://github.com/jdx/usage/releases/download/v3.5.4/usage-universal-apple-darwin.tar.gz"
url_api = "https://api.github.com/repos/jdx/usage/releases/assets/468433769"

[tools.usage."platforms.macos-x64"]
checksum = "sha256:25b0fff15f030f3c08caa960174b3fb9f85be601824744424a7409dcdf1ee37a"
url = "https://github.com/jdx/usage/releases/download/v3.5.4/usage-universal-apple-darwin.tar.gz"
url_api = "https://api.github.com/repos/jdx/usage/releases/assets/468433769"

[tools.usage."platforms.macos-x64-baseline"]
checksum = "sha256:25b0fff15f030f3c08caa960174b3fb9f85be601824744424a7409dcdf1ee37a"
url = "https://github.com/jdx/usage/releases/download/v3.5.4/usage-universal-apple-darwin.tar.gz"
url_api = "https://api.github.com/repos/jdx/usage/releases/assets/468433769"

[tools.usage."platforms.windows-x64"]
checksum = "sha256:61dbc0aedc54696c6201d1e8f107348b30706a47e23a44c08280c3c7f63b6804"
url = "https://github.com/jdx/usage/releases/download/v3.5.4/usage-x86_64-pc-windows-msvc.zip"
url_api = "https://api.github.com/repos/jdx/usage/releases/assets/468428934"

[tools.usage."platforms.windows-x64-baseline"]
checksum = "sha256:61dbc0aedc54696c6201d1e8f107348b30706a47e23a44c08280c3c7f63b6804"
url = "https://github.com/jdx/usage/releases/download/v3.5.4/usage-x86_64-pc-windows-msvc.zip"
url_api = "https://api.github.com/repos/jdx/usage/releases/assets/468428934"

[[tools.viteplus]]
version = "0.2.4"
backend = "npm:vite-plus"

[[tools.yarn]]
version = "4.17.1"
backend = "vfox:mise-plugins/vfox-yarn"
